// !$*UTF8*$!
{
	archiveVersion = 1;
	classes = {
	};
	objectVersion = 46;
	objects = {

/* Begin PBXBuildFile section */
		1C3D909B12B712D600A88EC8 /* Asia-Hong_Kong.png in Resources */ = {isa = PBXBuildFile; fileRef = 1C3D909512B712D600A88EC8 /* Asia-Hong_Kong.png */; };
		1C3D909C12B712D600A88EC8 /* Europe-Greece.png in Resources */ = {isa = PBXBuildFile; fileRef = 1C3D909612B712D600A88EC8 /* Europe-Greece.png */; };
		1C3D909D12B712D600A88EC8 /* Europe-Germany.png in Resources */ = {isa = PBXBuildFile; fileRef = 1C3D909712B712D600A88EC8 /* Europe-Germany.png */; };
		1C3D909E12B712D600A88EC8 /* Europe-France.png in Resources */ = {isa = PBXBuildFile; fileRef = 1C3D909812B712D600A88EC8 /* Europe-France.png */; };
		1C3D909F12B712D600A88EC8 /* Africa-Ethiopia.png in Resources */ = {isa = PBXBuildFile; fileRef = 1C3D909912B712D600A88EC8 /* Africa-Ethiopia.png */; };
		1C3D90A012B712D600A88EC8 /* Europe-Estonia.png in Resources */ = {isa = PBXBuildFile; fileRef = 1C3D909A12B712D600A88EC8 /* Europe-Estonia.png */; };
		1C3D90A412B7132400A88EC8 /* Central_America-Haiti.png in Resources */ = {isa = PBXBuildFile; fileRef = 1C3D90A112B7132400A88EC8 /* Central_America-Haiti.png */; };
		1C3D90A512B7132400A88EC8 /* Europe-Denmark.png in Resources */ = {isa = PBXBuildFile; fileRef = 1C3D90A212B7132400A88EC8 /* Europe-Denmark.png */; };
		1C3D90A612B7132400A88EC8 /* Africa-Comoros.png in Resources */ = {isa = PBXBuildFile; fileRef = 1C3D90A312B7132400A88EC8 /* Africa-Comoros.png */; };
		1C3D90AA12B713EE00A88EC8 /* Central_America-Cuba.png in Resources */ = {isa = PBXBuildFile; fileRef = 1C3D90A912B713EE00A88EC8 /* Central_America-Cuba.png */; };
		1C3D90E812B717D500A88EC8 /* Africa-Zimbabwe.png in Resources */ = {isa = PBXBuildFile; fileRef = 1C3D90D512B717D500A88EC8 /* Africa-Zimbabwe.png */; };
		1C3D90E912B717D500A88EC8 /* Africa-Zambia.png in Resources */ = {isa = PBXBuildFile; fileRef = 1C3D90D612B717D500A88EC8 /* Africa-Zambia.png */; };
		1C3D90EA12B717D500A88EC8 /* Asia-Yemen.png in Resources */ = {isa = PBXBuildFile; fileRef = 1C3D90D712B717D500A88EC8 /* Asia-Yemen.png */; };
		1C3D90EB12B717D500A88EC8 /* Oceania-Wallis_and_Futuna.png in Resources */ = {isa = PBXBuildFile; fileRef = 1C3D90D812B717D500A88EC8 /* Oceania-Wallis_and_Futuna.png */; };
		1C3D90EC12B717D500A88EC8 /* South_America-Venezuela.png in Resources */ = {isa = PBXBuildFile; fileRef = 1C3D90D912B717D500A88EC8 /* South_America-Venezuela.png */; };
		1C3D90ED12B717D500A88EC8 /* Oceania-Vanuatu.png in Resources */ = {isa = PBXBuildFile; fileRef = 1C3D90DA12B717D500A88EC8 /* Oceania-Vanuatu.png */; };
		1C3D90EE12B717D500A88EC8 /* Asia-Uzbekistan.png in Resources */ = {isa = PBXBuildFile; fileRef = 1C3D90DB12B717D500A88EC8 /* Asia-Uzbekistan.png */; };
		1C3D90EF12B717D500A88EC8 /* North_America-United_States_of_America.png in Resources */ = {isa = PBXBuildFile; fileRef = 1C3D90DC12B717D500A88EC8 /* North_America-United_States_of_America.png */; };
		1C3D90F012B717D500A88EC8 /* Central_America-US_Virgin_Islands.png in Resources */ = {isa = PBXBuildFile; fileRef = 1C3D90DD12B717D500A88EC8 /* Central_America-US_Virgin_Islands.png */; };
		1C3D90F112B717D500A88EC8 /* South_America-Uruguay.png in Resources */ = {isa = PBXBuildFile; fileRef = 1C3D90DE12B717D500A88EC8 /* South_America-Uruguay.png */; };
		1C3D90F212B717D500A88EC8 /* Europe-Ukraine.png in Resources */ = {isa = PBXBuildFile; fileRef = 1C3D90DF12B717D500A88EC8 /* Europe-Ukraine.png */; };
		1C3D90F312B717D500A88EC8 /* Europe-United_Kingdom.png in Resources */ = {isa = PBXBuildFile; fileRef = 1C3D90E012B717D500A88EC8 /* Europe-United_Kingdom.png */; };
		1C3D90F412B717D500A88EC8 /* Africa-Uganda.png in Resources */ = {isa = PBXBuildFile; fileRef = 1C3D90E112B717D500A88EC8 /* Africa-Uganda.png */; };
		1C3D90F512B717D500A88EC8 /* Asia-UAE.png in Resources */ = {isa = PBXBuildFile; fileRef = 1C3D90E212B717D500A88EC8 /* Asia-UAE.png */; };
		1C3D90F612B717D500A88EC8 /* Oceania-Tuvalu.png in Resources */ = {isa = PBXBuildFile; fileRef = 1C3D90E312B717D500A88EC8 /* Oceania-Tuvalu.png */; };
		1C3D90F712B717D500A88EC8 /* Central_America-Turks_and_Caicos_Islands.png in Resources */ = {isa = PBXBuildFile; fileRef = 1C3D90E412B717D500A88EC8 /* Central_America-Turks_and_Caicos_Islands.png */; };
		1C3D90F812B717D500A88EC8 /* Asia-Turkey.png in Resources */ = {isa = PBXBuildFile; fileRef = 1C3D90E512B717D500A88EC8 /* Asia-Turkey.png */; };
		1C3D90F912B717D500A88EC8 /* Africa-Tunisia.png in Resources */ = {isa = PBXBuildFile; fileRef = 1C3D90E612B717D500A88EC8 /* Africa-Tunisia.png */; };
		1C3D90FA12B717D500A88EC8 /* Central_America-Dominica.png in Resources */ = {isa = PBXBuildFile; fileRef = 1C3D90E712B717D500A88EC8 /* Central_America-Dominica.png */; };
		1C503A7412B5DB990086F46E /* icon.png in Resources */ = {isa = PBXBuildFile; fileRef = 1C503A7312B5DB990086F46E /* icon.png */; };
		1C5C2E0212B62758009AED11 /* Africa-South_Africa.png in Resources */ = {isa = PBXBuildFile; fileRef = 1C5C2DFF12B62758009AED11 /* Africa-South_Africa.png */; };
		1C5C2E0312B62758009AED11 /* North_America-Canada.png in Resources */ = {isa = PBXBuildFile; fileRef = 1C5C2E0012B62758009AED11 /* North_America-Canada.png */; };
		1C5C2E0412B62758009AED11 /* South_America-Brazil.png in Resources */ = {isa = PBXBuildFile; fileRef = 1C5C2E0112B62758009AED11 /* South_America-Brazil.png */; };
		1C5C2E3412B62A67009AED11 /* Asia-Pakistan.png in Resources */ = {isa = PBXBuildFile; fileRef = 1C5C2E2E12B62A67009AED11 /* Asia-Pakistan.png */; };
		1C5C2E3512B62A67009AED11 /* Oceania-Kiribati.png in Resources */ = {isa = PBXBuildFile; fileRef = 1C5C2E2F12B62A67009AED11 /* Oceania-Kiribati.png */; };
		1C5C2E3612B62A67009AED11 /* Africa-Egypt.png in Resources */ = {isa = PBXBuildFile; fileRef = 1C5C2E3012B62A67009AED11 /* Africa-Egypt.png */; };
		1C5C2E3712B62A67009AED11 /* Africa-Burkina_Faso.png in Resources */ = {isa = PBXBuildFile; fileRef = 1C5C2E3112B62A67009AED11 /* Africa-Burkina_Faso.png */; };
		1C5C2E3812B62A67009AED11 /* Europe-Andorra.png in Resources */ = {isa = PBXBuildFile; fileRef = 1C5C2E3212B62A67009AED11 /* Europe-Andorra.png */; };
		1C5C2E3912B62A67009AED11 /* Oceania-American_Samoa.png in Resources */ = {isa = PBXBuildFile; fileRef = 1C5C2E3312B62A67009AED11 /* Oceania-American_Samoa.png */; };
		1C5C2E9812B62C9C009AED11 /* Europe-Belgium.png in Resources */ = {isa = PBXBuildFile; fileRef = 1C5C2E8A12B62C9C009AED11 /* Europe-Belgium.png */; };
		1C5C2E9912B62C9C009AED11 /* Europe-Belarus.png in Resources */ = {isa = PBXBuildFile; fileRef = 1C5C2E8B12B62C9C009AED11 /* Europe-Belarus.png */; };
		1C5C2E9A12B62C9C009AED11 /* Central_America-Barbados.png in Resources */ = {isa = PBXBuildFile; fileRef = 1C5C2E8C12B62C9C009AED11 /* Central_America-Barbados.png */; };
		1C5C2E9B12B62C9C009AED11 /* Asia-Bangladesh.png in Resources */ = {isa = PBXBuildFile; fileRef = 1C5C2E8D12B62C9C009AED11 /* Asia-Bangladesh.png */; };
		1C5C2E9C12B62C9C009AED11 /* Asia-Bahrain.png in Resources */ = {isa = PBXBuildFile; fileRef = 1C5C2E8E12B62C9C009AED11 /* Asia-Bahrain.png */; };
		1C5C2E9D12B62C9C009AED11 /* Central_America-Bahamas.png in Resources */ = {isa = PBXBuildFile; fileRef = 1C5C2E8F12B62C9C009AED11 /* Central_America-Bahamas.png */; };
		1C5C2E9E12B62C9C009AED11 /* Asia-Azerbaijan.png in Resources */ = {isa = PBXBuildFile; fileRef = 1C5C2E9012B62C9C009AED11 /* Asia-Azerbaijan.png */; };
		1C5C2E9F12B62C9C009AED11 /* Europe-Austria.png in Resources */ = {isa = PBXBuildFile; fileRef = 1C5C2E9112B62C9C009AED11 /* Europe-Austria.png */; };
		1C5C2EA012B62C9C009AED11 /* Oceania-Australia.png in Resources */ = {isa = PBXBuildFile; fileRef = 1C5C2E9212B62C9C009AED11 /* Oceania-Australia.png */; };
		1C5C2EA112B62C9C009AED11 /* Central_America-Aruba.png in Resources */ = {isa = PBXBuildFile; fileRef = 1C5C2E9312B62C9C009AED11 /* Central_America-Aruba.png */; };
		1C5C2EA212B62C9C009AED11 /* Asia-Armenia.png in Resources */ = {isa = PBXBuildFile; fileRef = 1C5C2E9412B62C9C009AED11 /* Asia-Armenia.png */; };
		1C5C2EA312B62C9C009AED11 /* Central_America-Antigua_and_Barbuda.png in Resources */ = {isa = PBXBuildFile; fileRef = 1C5C2E9512B62C9C009AED11 /* Central_America-Antigua_and_Barbuda.png */; };
		1C5C2EA412B62C9C009AED11 /* Central_America-Anguilla.png in Resources */ = {isa = PBXBuildFile; fileRef = 1C5C2E9612B62C9C009AED11 /* Central_America-Anguilla.png */; };
		1C5C2EA512B62C9C009AED11 /* Africa-Angola.png in Resources */ = {isa = PBXBuildFile; fileRef = 1C5C2E9712B62C9C009AED11 /* Africa-Angola.png */; };
		1C5C2EAA12B62DA9009AED11 /* Asia-Bhutan.png in Resources */ = {isa = PBXBuildFile; fileRef = 1C5C2EA612B62DA9009AED11 /* Asia-Bhutan.png */; };
		1C5C2EAB12B62DA9009AED11 /* North_America-Bermuda.png in Resources */ = {isa = PBXBuildFile; fileRef = 1C5C2EA712B62DA9009AED11 /* North_America-Bermuda.png */; };
		1C5C2EAC12B62DA9009AED11 /* Africa-Benin.png in Resources */ = {isa = PBXBuildFile; fileRef = 1C5C2EA812B62DA9009AED11 /* Africa-Benin.png */; };
		1C5C2EAD12B62DA9009AED11 /* Central_America-Belize.png in Resources */ = {isa = PBXBuildFile; fileRef = 1C5C2EA912B62DA9009AED11 /* Central_America-Belize.png */; };
		1C5ED8BA12B61E0500FE5DC2 /* Asia-Vietnam.png in Resources */ = {isa = PBXBuildFile; fileRef = 1C5ED8B112B61E0500FE5DC2 /* Asia-Vietnam.png */; };
		1C5ED8BB12B61E0500FE5DC2 /* Africa-Kenya.png in Resources */ = {isa = PBXBuildFile; fileRef = 1C5ED8B212B61E0500FE5DC2 /* Africa-Kenya.png */; };
		1C5ED8BC12B61E0500FE5DC2 /* Asia-Japan.png in Resources */ = {isa = PBXBuildFile; fileRef = 1C5ED8B312B61E0500FE5DC2 /* Asia-Japan.png */; };
		1C5ED8BD12B61E0500FE5DC2 /* Europe-Italy.png in Resources */ = {isa = PBXBuildFile; fileRef = 1C5ED8B412B61E0500FE5DC2 /* Europe-Italy.png */; };
		1C5ED8BE12B61E0500FE5DC2 /* Asia-Indonesia.png in Resources */ = {isa = PBXBuildFile; fileRef = 1C5ED8B512B61E0500FE5DC2 /* Asia-Indonesia.png */; };
		1C5ED8C012B61E0500FE5DC2 /* Europe-Finland.png in Resources */ = {isa = PBXBuildFile; fileRef = 1C5ED8B712B61E0500FE5DC2 /* Europe-Finland.png */; };
		1C5ED8C112B61E0500FE5DC2 /* Asia-China.png in Resources */ = {isa = PBXBuildFile; fileRef = 1C5ED8B812B61E0500FE5DC2 /* Asia-China.png */; };
		1C5ED8C212B61E0500FE5DC2 /* South_America-Argentina.png in Resources */ = {isa = PBXBuildFile; fileRef = 1C5ED8B912B61E0500FE5DC2 /* South_America-Argentina.png */; };
		1C5ED8C412B61E2000FE5DC2 /* Asia-India.png in Resources */ = {isa = PBXBuildFile; fileRef = 1C5ED8C312B61E2000FE5DC2 /* Asia-India.png */; };
		1C8FCF32129103EB00F64E25 /* Asia-Afghanistan.png in Resources */ = {isa = PBXBuildFile; fileRef = 1C8FCE50129103EB00F64E25 /* Asia-Afghanistan.png */; };
		1C8FCF33129103EB00F64E25 /* Europe-Albania.png in Resources */ = {isa = PBXBuildFile; fileRef = 1C8FCE51129103EB00F64E25 /* Europe-Albania.png */; };
		1C8FCF34129103EB00F64E25 /* Africa-Algeria.png in Resources */ = {isa = PBXBuildFile; fileRef = 1C8FCE52129103EB00F64E25 /* Africa-Algeria.png */; };
		1D3623260D0F684500981E51 /* FlagQuizGameAppDelegate.m in Sources */ = {isa = PBXBuildFile; fileRef = 1D3623250D0F684500981E51 /* FlagQuizGameAppDelegate.m */; };
		1D60589B0D05DD56006BFB54 /* main.m in Sources */ = {isa = PBXBuildFile; fileRef = 29B97316FDCFA39411CA2CEA /* main.m */; };
		1D60589F0D05DD5A006BFB54 /* Foundation.framework in Frameworks */ = {isa = PBXBuildFile; fileRef = 1D30AB110D05D00D00671497 /* Foundation.framework */; };
		1DF5F4E00D08C38300B7A737 /* UIKit.framework in Frameworks */ = {isa = PBXBuildFile; fileRef = 1DF5F4DF0D08C38300B7A737 /* UIKit.framework */; };
		280E754D0DD40C5E005A515E /* FlipsideView.xib in Resources */ = {isa = PBXBuildFile; fileRef = 280E754A0DD40C5E005A515E /* FlipsideView.xib */; };
		280E754E0DD40C5E005A515E /* MainView.xib in Resources */ = {isa = PBXBuildFile; fileRef = 280E754B0DD40C5E005A515E /* MainView.xib */; };
		280E754F0DD40C5E005A515E /* MainWindow.xib in Resources */ = {isa = PBXBuildFile; fileRef = 280E754C0DD40C5E005A515E /* MainWindow.xib */; };
		288765590DF743DE002DB57D /* CoreGraphics.framework in Frameworks */ = {isa = PBXBuildFile; fileRef = 288765580DF743DE002DB57D /* CoreGraphics.framework */; };
		289233AE0DB2D0DB0083E9F9 /* MainViewController.m in Sources */ = {isa = PBXBuildFile; fileRef = 289233A90DB2D0DB0083E9F9 /* MainViewController.m */; };
		289233B00DB2D0DB0083E9F9 /* FlipsideViewController.m in Sources */ = {isa = PBXBuildFile; fileRef = 289233AD0DB2D0DB0083E9F9 /* FlipsideViewController.m */; };
/* End PBXBuildFile section */

/* Begin PBXFileReference section */
		1C3D909512B712D600A88EC8 /* Asia-Hong_Kong.png */ = {isa = PBXFileReference; lastKnownFileType = image.png; path = "Asia-Hong_Kong.png"; sourceTree = "<group>"; };
		1C3D909612B712D600A88EC8 /* Europe-Greece.png */ = {isa = PBXFileReference; lastKnownFileType = image.png; path = "Europe-Greece.png"; sourceTree = "<group>"; };
		1C3D909712B712D600A88EC8 /* Europe-Germany.png */ = {isa = PBXFileReference; lastKnownFileType = image.png; path = "Europe-Germany.png"; sourceTree = "<group>"; };
		1C3D909812B712D600A88EC8 /* Europe-France.png */ = {isa = PBXFileReference; lastKnownFileType = image.png; path = "Europe-France.png"; sourceTree = "<group>"; };
		1C3D909912B712D600A88EC8 /* Africa-Ethiopia.png */ = {isa = PBXFileReference; lastKnownFileType = image.png; path = "Africa-Ethiopia.png"; sourceTree = "<group>"; };
		1C3D909A12B712D600A88EC8 /* Europe-Estonia.png */ = {isa = PBXFileReference; lastKnownFileType = image.png; path = "Europe-Estonia.png"; sourceTree = "<group>"; };
		1C3D90A112B7132400A88EC8 /* Central_America-Haiti.png */ = {isa = PBXFileReference; lastKnownFileType = image.png; path = "Central_America-Haiti.png"; sourceTree = "<group>"; };
		1C3D90A212B7132400A88EC8 /* Europe-Denmark.png */ = {isa = PBXFileReference; lastKnownFileType = image.png; path = "Europe-Denmark.png"; sourceTree = "<group>"; };
		1C3D90A312B7132400A88EC8 /* Africa-Comoros.png */ = {isa = PBXFileReference; lastKnownFileType = image.png; path = "Africa-Comoros.png"; sourceTree = "<group>"; };
		1C3D90A912B713EE00A88EC8 /* Central_America-Cuba.png */ = {isa = PBXFileReference; lastKnownFileType = image.png; path = "Central_America-Cuba.png"; sourceTree = "<group>"; };
		1C3D90D512B717D500A88EC8 /* Africa-Zimbabwe.png */ = {isa = PBXFileReference; lastKnownFileType = image.png; path = "Africa-Zimbabwe.png"; sourceTree = "<group>"; };
		1C3D90D612B717D500A88EC8 /* Africa-Zambia.png */ = {isa = PBXFileReference; lastKnownFileType = image.png; path = "Africa-Zambia.png"; sourceTree = "<group>"; };
		1C3D90D712B717D500A88EC8 /* Asia-Yemen.png */ = {isa = PBXFileReference; lastKnownFileType = image.png; path = "Asia-Yemen.png"; sourceTree = "<group>"; };
		1C3D90D812B717D500A88EC8 /* Oceania-Wallis_and_Futuna.png */ = {isa = PBXFileReference; lastKnownFileType = image.png; path = "Oceania-Wallis_and_Futuna.png"; sourceTree = "<group>"; };
		1C3D90D912B717D500A88EC8 /* South_America-Venezuela.png */ = {isa = PBXFileReference; lastKnownFileType = image.png; path = "South_America-Venezuela.png"; sourceTree = "<group>"; };
		1C3D90DA12B717D500A88EC8 /* Oceania-Vanuatu.png */ = {isa = PBXFileReference; lastKnownFileType = image.png; path = "Oceania-Vanuatu.png"; sourceTree = "<group>"; };
		1C3D90DB12B717D500A88EC8 /* Asia-Uzbekistan.png */ = {isa = PBXFileReference; lastKnownFileType = image.png; path = "Asia-Uzbekistan.png"; sourceTree = "<group>"; };
		1C3D90DC12B717D500A88EC8 /* North_America-United_States_of_America.png */ = {isa = PBXFileReference; lastKnownFileType = image.png; path = "North_America-United_States_of_America.png"; sourceTree = "<group>"; };
		1C3D90DD12B717D500A88EC8 /* Central_America-US_Virgin_Islands.png */ = {isa = PBXFileReference; lastKnownFileType = image.png; path = "Central_America-US_Virgin_Islands.png"; sourceTree = "<group>"; };
		1C3D90DE12B717D500A88EC8 /* South_America-Uruguay.png */ = {isa = PBXFileReference; lastKnownFileType = image.png; path = "South_America-Uruguay.png"; sourceTree = "<group>"; };
		1C3D90DF12B717D500A88EC8 /* Europe-Ukraine.png */ = {isa = PBXFileReference; lastKnownFileType = image.png; path = "Europe-Ukraine.png"; sourceTree = "<group>"; };
		1C3D90E012B717D500A88EC8 /* Europe-United_Kingdom.png */ = {isa = PBXFileReference; lastKnownFileType = image.png; path = "Europe-United_Kingdom.png"; sourceTree = "<group>"; };
		1C3D90E112B717D500A88EC8 /* Africa-Uganda.png */ = {isa = PBXFileReference; lastKnownFileType = image.png; path = "Africa-Uganda.png"; sourceTree = "<group>"; };
		1C3D90E212B717D500A88EC8 /* Asia-UAE.png */ = {isa = PBXFileReference; lastKnownFileType = image.png; path = "Asia-UAE.png"; sourceTree = "<group>"; };
		1C3D90E312B717D500A88EC8 /* Oceania-Tuvalu.png */ = {isa = PBXFileReference; lastKnownFileType = image.png; path = "Oceania-Tuvalu.png"; sourceTree = "<group>"; };
		1C3D90E412B717D500A88EC8 /* Central_America-Turks_and_Caicos_Islands.png */ = {isa = PBXFileReference; lastKnownFileType = image.png; path = "Central_America-Turks_and_Caicos_Islands.png"; sourceTree = "<group>"; };
		1C3D90E512B717D500A88EC8 /* Asia-Turkey.png */ = {isa = PBXFileReference; lastKnownFileType = image.png; path = "Asia-Turkey.png"; sourceTree = "<group>"; };
		1C3D90E612B717D500A88EC8 /* Africa-Tunisia.png */ = {isa = PBXFileReference; lastKnownFileType = image.png; path = "Africa-Tunisia.png"; sourceTree = "<group>"; };
		1C3D90E712B717D500A88EC8 /* Central_America-Dominica.png */ = {isa = PBXFileReference; lastKnownFileType = image.png; path = "Central_America-Dominica.png"; sourceTree = "<group>"; };
		1C503A7312B5DB990086F46E /* icon.png */ = {isa = PBXFileReference; lastKnownFileType = image.png; name = icon.png; path = ../../../Downloads/icon.png; sourceTree = SOURCE_ROOT; };
		1C5C2DFF12B62758009AED11 /* Africa-South_Africa.png */ = {isa = PBXFileReference; lastKnownFileType = image.png; path = "Africa-South_Africa.png"; sourceTree = "<group>"; };
		1C5C2E0012B62758009AED11 /* North_America-Canada.png */ = {isa = PBXFileReference; lastKnownFileType = image.png; path = "North_America-Canada.png"; sourceTree = "<group>"; };
		1C5C2E0112B62758009AED11 /* South_America-Brazil.png */ = {isa = PBXFileReference; lastKnownFileType = image.png; path = "South_America-Brazil.png"; sourceTree = "<group>"; };
		1C5C2E2E12B62A67009AED11 /* Asia-Pakistan.png */ = {isa = PBXFileReference; lastKnownFileType = image.png; path = "Asia-Pakistan.png"; sourceTree = "<group>"; };
		1C5C2E2F12B62A67009AED11 /* Oceania-Kiribati.png */ = {isa = PBXFileReference; lastKnownFileType = image.png; path = "Oceania-Kiribati.png"; sourceTree = "<group>"; };
		1C5C2E3012B62A67009AED11 /* Africa-Egypt.png */ = {isa = PBXFileReference; lastKnownFileType = image.png; path = "Africa-Egypt.png"; sourceTree = "<group>"; };
		1C5C2E3112B62A67009AED11 /* Africa-Burkina_Faso.png */ = {isa = PBXFileReference; lastKnownFileType = image.png; path = "Africa-Burkina_Faso.png"; sourceTree = "<group>"; };
		1C5C2E3212B62A67009AED11 /* Europe-Andorra.png */ = {isa = PBXFileReference; lastKnownFileType = image.png; path = "Europe-Andorra.png"; sourceTree = "<group>"; };
		1C5C2E3312B62A67009AED11 /* Oceania-American_Samoa.png */ = {isa = PBXFileReference; lastKnownFileType = image.png; path = "Oceania-American_Samoa.png"; sourceTree = "<group>"; };
		1C5C2E8A12B62C9C009AED11 /* Europe-Belgium.png */ = {isa = PBXFileReference; lastKnownFileType = image.png; path = "Europe-Belgium.png"; sourceTree = "<group>"; };
		1C5C2E8B12B62C9C009AED11 /* Europe-Belarus.png */ = {isa = PBXFileReference; lastKnownFileType = image.png; path = "Europe-Belarus.png"; sourceTree = "<group>"; };
		1C5C2E8C12B62C9C009AED11 /* Central_America-Barbados.png */ = {isa = PBXFileReference; lastKnownFileType = image.png; path = "Central_America-Barbados.png"; sourceTree = "<group>"; };
		1C5C2E8D12B62C9C009AED11 /* Asia-Bangladesh.png */ = {isa = PBXFileReference; lastKnownFileType = image.png; path = "Asia-Bangladesh.png"; sourceTree = "<group>"; };
		1C5C2E8E12B62C9C009AED11 /* Asia-Bahrain.png */ = {isa = PBXFileReference; lastKnownFileType = image.png; path = "Asia-Bahrain.png"; sourceTree = "<group>"; };
		1C5C2E8F12B62C9C009AED11 /* Central_America-Bahamas.png */ = {isa = PBXFileReference; lastKnownFileType = image.png; path = "Central_America-Bahamas.png"; sourceTree = "<group>"; };
		1C5C2E9012B62C9C009AED11 /* Asia-Azerbaijan.png */ = {isa = PBXFileReference; lastKnownFileType = image.png; path = "Asia-Azerbaijan.png"; sourceTree = "<group>"; };
		1C5C2E9112B62C9C009AED11 /* Europe-Austria.png */ = {isa = PBXFileReference; lastKnownFileType = image.png; path = "Europe-Austria.png"; sourceTree = "<group>"; };
		1C5C2E9212B62C9C009AED11 /* Oceania-Australia.png */ = {isa = PBXFileReference; lastKnownFileType = image.png; path = "Oceania-Australia.png"; sourceTree = "<group>"; };
		1C5C2E9312B62C9C009AED11 /* Central_America-Aruba.png */ = {isa = PBXFileReference; lastKnownFileType = image.png; path = "Central_America-Aruba.png"; sourceTree = "<group>"; };
		1C5C2E9412B62C9C009AED11 /* Asia-Armenia.png */ = {isa = PBXFileReference; lastKnownFileType = image.png; path = "Asia-Armenia.png"; sourceTree = "<group>"; };
		1C5C2E9512B62C9C009AED11 /* Central_America-Antigua_and_Barbuda.png */ = {isa = PBXFileReference; lastKnownFileType = image.png; path = "Central_America-Antigua_and_Barbuda.png"; sourceTree = "<group>"; };
		1C5C2E9612B62C9C009AED11 /* Central_America-Anguilla.png */ = {isa = PBXFileReference; lastKnownFileType = image.png; path = "Central_America-Anguilla.png"; sourceTree = "<group>"; };
		1C5C2E9712B62C9C009AED11 /* Africa-Angola.png */ = {isa = PBXFileReference; lastKnownFileType = image.png; path = "Africa-Angola.png"; sourceTree = "<group>"; };
		1C5C2EA612B62DA9009AED11 /* Asia-Bhutan.png */ = {isa = PBXFileReference; lastKnownFileType = image.png; path = "Asia-Bhutan.png"; sourceTree = "<group>"; };
		1C5C2EA712B62DA9009AED11 /* North_America-Bermuda.png */ = {isa = PBXFileReference; lastKnownFileType = image.png; path = "North_America-Bermuda.png"; sourceTree = "<group>"; };
		1C5C2EA812B62DA9009AED11 /* Africa-Benin.png */ = {isa = PBXFileReference; lastKnownFileType = image.png; path = "Africa-Benin.png"; sourceTree = "<group>"; };
		1C5C2EA912B62DA9009AED11 /* Central_America-Belize.png */ = {isa = PBXFileReference; lastKnownFileType = image.png; path = "Central_America-Belize.png"; sourceTree = "<group>"; };
		1C5ED8B112B61E0500FE5DC2 /* Asia-Vietnam.png */ = {isa = PBXFileReference; lastKnownFileType = image.png; path = "Asia-Vietnam.png"; sourceTree = "<group>"; };
		1C5ED8B212B61E0500FE5DC2 /* Africa-Kenya.png */ = {isa = PBXFileReference; lastKnownFileType = image.png; path = "Africa-Kenya.png"; sourceTree = "<group>"; };
		1C5ED8B312B61E0500FE5DC2 /* Asia-Japan.png */ = {isa = PBXFileReference; lastKnownFileType = image.png; path = "Asia-Japan.png"; sourceTree = "<group>"; };
		1C5ED8B412B61E0500FE5DC2 /* Europe-Italy.png */ = {isa = PBXFileReference; lastKnownFileType = image.png; path = "Europe-Italy.png"; sourceTree = "<group>"; };
		1C5ED8B512B61E0500FE5DC2 /* Asia-Indonesia.png */ = {isa = PBXFileReference; lastKnownFileType = image.png; path = "Asia-Indonesia.png"; sourceTree = "<group>"; };
		1C5ED8B712B61E0500FE5DC2 /* Europe-Finland.png */ = {isa = PBXFileReference; lastKnownFileType = image.png; path = "Europe-Finland.png"; sourceTree = "<group>"; };
		1C5ED8B812B61E0500FE5DC2 /* Asia-China.png */ = {isa = PBXFileReference; lastKnownFileType = image.png; path = "Asia-China.png"; sourceTree = "<group>"; };
		1C5ED8B912B61E0500FE5DC2 /* South_America-Argentina.png */ = {isa = PBXFileReference; lastKnownFileType = image.png; path = "South_America-Argentina.png"; sourceTree = "<group>"; };
		1C5ED8C312B61E2000FE5DC2 /* Asia-India.png */ = {isa = PBXFileReference; lastKnownFileType = image.png; path = "Asia-India.png"; sourceTree = "<group>"; };
		1C8FCE50129103EB00F64E25 /* Asia-Afghanistan.png */ = {isa = PBXFileReference; lastKnownFileType = image.png; path = "Asia-Afghanistan.png"; sourceTree = "<group>"; };
		1C8FCE51129103EB00F64E25 /* Europe-Albania.png */ = {isa = PBXFileReference; lastKnownFileType = image.png; path = "Europe-Albania.png"; sourceTree = "<group>"; };
		1C8FCE52129103EB00F64E25 /* Africa-Algeria.png */ = {isa = PBXFileReference; lastKnownFileType = image.png; path = "Africa-Algeria.png"; sourceTree = "<group>"; };
		1D30AB110D05D00D00671497 /* Foundation.framework */ = {isa = PBXFileReference; lastKnownFileType = wrapper.framework; name = Foundation.framework; path = System/Library/Frameworks/Foundation.framework; sourceTree = SDKROOT; };
		1D3623240D0F684500981E51 /* FlagQuizGameAppDelegate.h */ = {isa = PBXFileReference; fileEncoding = 4; lastKnownFileType = sourcecode.c.h; path = FlagQuizGameAppDelegate.h; sourceTree = "<group>"; };
		1D3623250D0F684500981E51 /* FlagQuizGameAppDelegate.m */ = {isa = PBXFileReference; fileEncoding = 4; lastKnownFileType = sourcecode.c.objc; path = FlagQuizGameAppDelegate.m; sourceTree = "<group>"; };
		1D6058910D05DD3D006BFB54 /* FlagQuizGame.app */ = {isa = PBXFileReference; explicitFileType = wrapper.application; includeInIndex = 0; path = FlagQuizGame.app; sourceTree = BUILT_PRODUCTS_DIR; };
		1DF5F4DF0D08C38300B7A737 /* UIKit.framework */ = {isa = PBXFileReference; lastKnownFileType = wrapper.framework; name = UIKit.framework; path = System/Library/Frameworks/UIKit.framework; sourceTree = SDKROOT; };
		280E754A0DD40C5E005A515E /* FlipsideView.xib */ = {isa = PBXFileReference; lastKnownFileType = file.xib; path = FlipsideView.xib; sourceTree = "<group>"; };
		280E754B0DD40C5E005A515E /* MainView.xib */ = {isa = PBXFileReference; lastKnownFileType = file.xib; path = MainView.xib; sourceTree = "<group>"; };
		280E754C0DD40C5E005A515E /* MainWindow.xib */ = {isa = PBXFileReference; lastKnownFileType = file.xib; path = MainWindow.xib; sourceTree = "<group>"; };
		288765580DF743DE002DB57D /* CoreGraphics.framework */ = {isa = PBXFileReference; lastKnownFileType = wrapper.framework; name = CoreGraphics.framework; path = System/Library/Frameworks/CoreGraphics.framework; sourceTree = SDKROOT; };
		289233A80DB2D0DB0083E9F9 /* MainViewController.h */ = {isa = PBXFileReference; fileEncoding = 4; lastKnownFileType = sourcecode.c.h; name = MainViewController.h; path = Classes/MainViewController.h; sourceTree = "<group>"; };
		289233A90DB2D0DB0083E9F9 /* MainViewController.m */ = {isa = PBXFileReference; fileEncoding = 4; lastKnownFileType = sourcecode.c.objc; name = MainViewController.m; path = Classes/MainViewController.m; sourceTree = "<group>"; };
		289233AC0DB2D0DB0083E9F9 /* FlipsideViewController.h */ = {isa = PBXFileReference; fileEncoding = 4; lastKnownFileType = sourcecode.c.h; name = FlipsideViewController.h; path = Classes/FlipsideViewController.h; sourceTree = "<group>"; };
		289233AD0DB2D0DB0083E9F9 /* FlipsideViewController.m */ = {isa = PBXFileReference; fileEncoding = 4; lastKnownFileType = sourcecode.c.objc; name = FlipsideViewController.m; path = Classes/FlipsideViewController.m; sourceTree = "<group>"; };
		29B97316FDCFA39411CA2CEA /* main.m */ = {isa = PBXFileReference; fileEncoding = 4; lastKnownFileType = sourcecode.c.objc; path = main.m; sourceTree = "<group>"; };
		32CA4F630368D1EE00C91783 /* FlagQuizGame_Prefix.pch */ = {isa = PBXFileReference; fileEncoding = 4; lastKnownFileType = sourcecode.c.h; path = FlagQuizGame_Prefix.pch; sourceTree = "<group>"; };
		8D1107310486CEB800E47090 /* FlagQuizGame-Info.plist */ = {isa = PBXFileReference; fileEncoding = 4; lastKnownFileType = text.plist.xml; path = "FlagQuizGame-Info.plist"; plistStructureDefinitionIdentifier = "com.apple.xcode.plist.structure-definition.iphone.info-plist"; sourceTree = "<group>"; };
/* End PBXFileReference section */

/* Begin PBXFrameworksBuildPhase section */
		1D60588F0D05DD3D006BFB54 /* Frameworks */ = {
			isa = PBXFrameworksBuildPhase;
			buildActionMask = 2147483647;
			files = (
				1D60589F0D05DD5A006BFB54 /* Foundation.framework in Frameworks */,
				1DF5F4E00D08C38300B7A737 /* UIKit.framework in Frameworks */,
				288765590DF743DE002DB57D /* CoreGraphics.framework in Frameworks */,
			);
			runOnlyForDeploymentPostprocessing = 0;
		};
/* End PBXFrameworksBuildPhase section */

/* Begin PBXGroup section */
		080E96DDFE201D6D7F000001 /* Application Delegate */ = {
			isa = PBXGroup;
			children = (
				1D3623240D0F684500981E51 /* FlagQuizGameAppDelegate.h */,
				1D3623250D0F684500981E51 /* FlagQuizGameAppDelegate.m */,
			);
			name = "Application Delegate";
			path = Classes;
			sourceTree = "<group>";
		};
		19C28FACFE9D520D11CA2CBB /* Products */ = {
			isa = PBXGroup;
			children = (
				1D6058910D05DD3D006BFB54 /* FlagQuizGame.app */,
			);
			name = Products;
			sourceTree = "<group>";
		};
		1C8FCE4F129103EB00F64E25 /* country-flags */ = {
			isa = PBXGroup;
			children = (
				1C3D90D512B717D500A88EC8 /* Africa-Zimbabwe.png */,
				1C3D90D612B717D500A88EC8 /* Africa-Zambia.png */,
				1C3D90D712B717D500A88EC8 /* Asia-Yemen.png */,
				1C3D90D812B717D500A88EC8 /* Oceania-Wallis_and_Futuna.png */,
				1C3D90D912B717D500A88EC8 /* South_America-Venezuela.png */,
				1C3D90DA12B717D500A88EC8 /* Oceania-Vanuatu.png */,
				1C3D90DB12B717D500A88EC8 /* Asia-Uzbekistan.png */,
				1C3D90DC12B717D500A88EC8 /* North_America-United_States_of_America.png */,
				1C3D90DD12B717D500A88EC8 /* Central_America-US_Virgin_Islands.png */,
				1C3D90DE12B717D500A88EC8 /* South_America-Uruguay.png */,
				1C3D90DF12B717D500A88EC8 /* Europe-Ukraine.png */,
				1C3D90E012B717D500A88EC8 /* Europe-United_Kingdom.png */,
				1C3D90E112B717D500A88EC8 /* Africa-Uganda.png */,
				1C3D90E212B717D500A88EC8 /* Asia-UAE.png */,
				1C3D90E312B717D500A88EC8 /* Oceania-Tuvalu.png */,
				1C3D90E412B717D500A88EC8 /* Central_America-Turks_and_Caicos_Islands.png */,
				1C3D90E512B717D500A88EC8 /* Asia-Turkey.png */,
				1C3D90E612B717D500A88EC8 /* Africa-Tunisia.png */,
				1C3D90E712B717D500A88EC8 /* Central_America-Dominica.png */,
				1C3D90A912B713EE00A88EC8 /* Central_America-Cuba.png */,
				1C3D90A112B7132400A88EC8 /* Central_America-Haiti.png */,
				1C3D90A212B7132400A88EC8 /* Europe-Denmark.png */,
				1C3D90A312B7132400A88EC8 /* Africa-Comoros.png */,
				1C3D909512B712D600A88EC8 /* Asia-Hong_Kong.png */,
				1C3D909612B712D600A88EC8 /* Europe-Greece.png */,
				1C3D909712B712D600A88EC8 /* Europe-Germany.png */,
				1C3D909812B712D600A88EC8 /* Europe-France.png */,
				1C3D909912B712D600A88EC8 /* Africa-Ethiopia.png */,
				1C3D909A12B712D600A88EC8 /* Europe-Estonia.png */,
				1C5C2EA612B62DA9009AED11 /* Asia-Bhutan.png */,
				1C5C2EA712B62DA9009AED11 /* North_America-Bermuda.png */,
				1C5C2EA812B62DA9009AED11 /* Africa-Benin.png */,
				1C5C2EA912B62DA9009AED11 /* Central_America-Belize.png */,
				1C5C2E8A12B62C9C009AED11 /* Europe-Belgium.png */,
				1C5C2E8B12B62C9C009AED11 /* Europe-Belarus.png */,
				1C5C2E8C12B62C9C009AED11 /* Central_America-Barbados.png */,
				1C5C2E8D12B62C9C009AED11 /* Asia-Bangladesh.png */,
				1C5C2E8E12B62C9C009AED11 /* Asia-Bahrain.png */,
				1C5C2E8F12B62C9C009AED11 /* Central_America-Bahamas.png */,
				1C5C2E9012B62C9C009AED11 /* Asia-Azerbaijan.png */,
				1C5C2E9112B62C9C009AED11 /* Europe-Austria.png */,
				1C5C2E9212B62C9C009AED11 /* Oceania-Australia.png */,
				1C5C2E9312B62C9C009AED11 /* Central_America-Aruba.png */,
				1C5C2E9412B62C9C009AED11 /* Asia-Armenia.png */,
				1C5C2E9512B62C9C009AED11 /* Central_America-Antigua_and_Barbuda.png */,
				1C5C2E9612B62C9C009AED11 /* Central_America-Anguilla.png */,
				1C5C2E9712B62C9C009AED11 /* Africa-Angola.png */,
				1C5C2E2E12B62A67009AED11 /* Asia-Pakistan.png */,
				1C5C2E2F12B62A67009AED11 /* Oceania-Kiribati.png */,
				1C5C2E3012B62A67009AED11 /* Africa-Egypt.png */,
				1C5C2E3112B62A67009AED11 /* Africa-Burkina_Faso.png */,
				1C5C2E3212B62A67009AED11 /* Europe-Andorra.png */,
				1C5C2E3312B62A67009AED11 /* Oceania-American_Samoa.png */,
				1C5C2DFF12B62758009AED11 /* Africa-South_Africa.png */,
				1C5C2E0012B62758009AED11 /* North_America-Canada.png */,
				1C5C2E0112B62758009AED11 /* South_America-Brazil.png */,
				1C5ED8C312B61E2000FE5DC2 /* Asia-India.png */,
				1C5ED8B112B61E0500FE5DC2 /* Asia-Vietnam.png */,
				1C5ED8B212B61E0500FE5DC2 /* Africa-Kenya.png */,
				1C5ED8B312B61E0500FE5DC2 /* Asia-Japan.png */,
				1C5ED8B412B61E0500FE5DC2 /* Europe-Italy.png */,
				1C5ED8B512B61E0500FE5DC2 /* Asia-Indonesia.png */,
				1C5ED8B712B61E0500FE5DC2 /* Europe-Finland.png */,
				1C5ED8B812B61E0500FE5DC2 /* Asia-China.png */,
				1C5ED8B912B61E0500FE5DC2 /* South_America-Argentina.png */,
				1C8FCE50129103EB00F64E25 /* Asia-Afghanistan.png */,
				1C8FCE51129103EB00F64E25 /* Europe-Albania.png */,
				1C8FCE52129103EB00F64E25 /* Africa-Algeria.png */,
			);
			path = "country-flags";
			sourceTree = "<group>";
		};
		281C6CD70DB2D82200F60ACC /* Flipside View */ = {
			isa = PBXGroup;
			children = (
				289233AC0DB2D0DB0083E9F9 /* FlipsideViewController.h */,
				289233AD0DB2D0DB0083E9F9 /* FlipsideViewController.m */,
			);
			name = "Flipside View";
			sourceTree = "<group>";
		};
		289233A00DB2D0730083E9F9 /* Main View */ = {
			isa = PBXGroup;
			children = (
				289233A80DB2D0DB0083E9F9 /* MainViewController.h */,
				289233A90DB2D0DB0083E9F9 /* MainViewController.m */,
			);
			name = "Main View";
			sourceTree = "<group>";
		};
		29B97314FDCFA39411CA2CEA /* CustomTemplate */ = {
			isa = PBXGroup;
			children = (
				289233A00DB2D0730083E9F9 /* Main View */,
				281C6CD70DB2D82200F60ACC /* Flipside View */,
				080E96DDFE201D6D7F000001 /* Application Delegate */,
				29B97315FDCFA39411CA2CEA /* Other Sources */,
				29B97317FDCFA39411CA2CEA /* Resources */,
				29B97323FDCFA39411CA2CEA /* Frameworks */,
				19C28FACFE9D520D11CA2CBB /* Products */,
			);
			name = CustomTemplate;
			sourceTree = "<group>";
		};
		29B97315FDCFA39411CA2CEA /* Other Sources */ = {
			isa = PBXGroup;
			children = (
				32CA4F630368D1EE00C91783 /* FlagQuizGame_Prefix.pch */,
				29B97316FDCFA39411CA2CEA /* main.m */,
			);
			name = "Other Sources";
			sourceTree = "<group>";
		};
		29B97317FDCFA39411CA2CEA /* Resources */ = {
			isa = PBXGroup;
			children = (
				1C8FCE4F129103EB00F64E25 /* country-flags */,
				280E754A0DD40C5E005A515E /* FlipsideView.xib */,
				280E754B0DD40C5E005A515E /* MainView.xib */,
				1C503A7312B5DB990086F46E /* icon.png */,
				280E754C0DD40C5E005A515E /* MainWindow.xib */,
				8D1107310486CEB800E47090 /* FlagQuizGame-Info.plist */,
			);
			name = Resources;
			sourceTree = "<group>";
		};
		29B97323FDCFA39411CA2CEA /* Frameworks */ = {
			isa = PBXGroup;
			children = (
				1DF5F4DF0D08C38300B7A737 /* UIKit.framework */,
				1D30AB110D05D00D00671497 /* Foundation.framework */,
				288765580DF743DE002DB57D /* CoreGraphics.framework */,
			);
			name = Frameworks;
			sourceTree = "<group>";
		};
/* End PBXGroup section */

/* Begin PBXNativeTarget section */
		1D6058900D05DD3D006BFB54 /* FlagQuizGame */ = {
			isa = PBXNativeTarget;
			buildConfigurationList = 1D6058960D05DD3E006BFB54 /* Build configuration list for PBXNativeTarget "FlagQuizGame" */;
			buildPhases = (
				1D60588D0D05DD3D006BFB54 /* Resources */,
				1D60588E0D05DD3D006BFB54 /* Sources */,
				1D60588F0D05DD3D006BFB54 /* Frameworks */,
			);
			buildRules = (
			);
			dependencies = (
			);
			name = FlagQuizGame;
			productName = FlagQuizGame;
			productReference = 1D6058910D05DD3D006BFB54 /* FlagQuizGame.app */;
			productType = "com.apple.product-type.application";
		};
/* End PBXNativeTarget section */

/* Begin PBXProject section */
		29B97313FDCFA39411CA2CEA /* Project object */ = {
			isa = PBXProject;
			buildConfigurationList = C01FCF4E08A954540054247B /* Build configuration list for PBXProject "FlagQuizGame" */;
			compatibilityVersion = "Xcode 3.2";
			developmentRegion = English;
			hasScannedForEncodings = 1;
			knownRegions = (
				English,
				Japanese,
				French,
				German,
				en,
			);
			mainGroup = 29B97314FDCFA39411CA2CEA /* CustomTemplate */;
			projectDirPath = "";
			projectRoot = "";
			targets = (
				1D6058900D05DD3D006BFB54 /* FlagQuizGame */,
			);
		};
/* End PBXProject section */

/* Begin PBXResourcesBuildPhase section */
		1D60588D0D05DD3D006BFB54 /* Resources */ = {
			isa = PBXResourcesBuildPhase;
			buildActionMask = 2147483647;
			files = (
				280E754D0DD40C5E005A515E /* FlipsideView.xib in Resources */,
				280E754E0DD40C5E005A515E /* MainView.xib in Resources */,
				280E754F0DD40C5E005A515E /* MainWindow.xib in Resources */,
				1C8FCF32129103EB00F64E25 /* Asia-Afghanistan.png in Resources */,
				1C8FCF33129103EB00F64E25 /* Europe-Albania.png in Resources */,
				1C8FCF34129103EB00F64E25 /* Africa-Algeria.png in Resources */,
				1C503A7412B5DB990086F46E /* icon.png in Resources */,
				1C5ED8BA12B61E0500FE5DC2 /* Asia-Vietnam.png in Resources */,
				1C5ED8BB12B61E0500FE5DC2 /* Africa-Kenya.png in Resources */,
				1C5ED8BC12B61E0500FE5DC2 /* Asia-Japan.png in Resources */,
				1C5ED8BD12B61E0500FE5DC2 /* Europe-Italy.png in Resources */,
				1C5ED8BE12B61E0500FE5DC2 /* Asia-Indonesia.png in Resources */,
				1C5ED8C012B61E0500FE5DC2 /* Europe-Finland.png in Resources */,
				1C5ED8C112B61E0500FE5DC2 /* Asia-China.png in Resources */,
				1C5ED8C212B61E0500FE5DC2 /* South_America-Argentina.png in Resources */,
				1C5ED8C412B61E2000FE5DC2 /* Asia-India.png in Resources */,
				1C5C2E0212B62758009AED11 /* Africa-South_Africa.png in Resources */,
				1C5C2E0312B62758009AED11 /* North_America-Canada.png in Resources */,
				1C5C2E0412B62758009AED11 /* South_America-Brazil.png in Resources */,
				1C5C2E3412B62A67009AED11 /* Asia-Pakistan.png in Resources */,
				1C5C2E3512B62A67009AED11 /* Oceania-Kiribati.png in Resources */,
				1C5C2E3612B62A67009AED11 /* Africa-Egypt.png in Resources */,
				1C5C2E3712B62A67009AED11 /* Africa-Burkina_Faso.png in Resources */,
				1C5C2E3812B62A67009AED11 /* Europe-Andorra.png in Resources */,
				1C5C2E3912B62A67009AED11 /* Oceania-American_Samoa.png in Resources */,
				1C5C2E9812B62C9C009AED11 /* Europe-Belgium.png in Resources */,
				1C5C2E9912B62C9C009AED11 /* Europe-Belarus.png in Resources */,
				1C5C2E9A12B62C9C009AED11 /* Central_America-Barbados.png in Resources */,
				1C5C2E9B12B62C9C009AED11 /* Asia-Bangladesh.png in Resources */,
				1C5C2E9C12B62C9C009AED11 /* Asia-Bahrain.png in Resources */,
				1C5C2E9D12B62C9C009AED11 /* Central_America-Bahamas.png in Resources */,
				1C5C2E9E12B62C9C009AED11 /* Asia-Azerbaijan.png in Resources */,
				1C5C2E9F12B62C9C009AED11 /* Europe-Austria.png in Resources */,
				1C5C2EA012B62C9C009AED11 /* Oceania-Australia.png in Resources */,
				1C5C2EA112B62C9C009AED11 /* Central_America-Aruba.png in Resources */,
				1C5C2EA212B62C9C009AED11 /* Asia-Armenia.png in Resources */,
				1C5C2EA312B62C9C009AED11 /* Central_America-Antigua_and_Barbuda.png in Resources */,
				1C5C2EA412B62C9C009AED11 /* Central_America-Anguilla.png in Resources */,
				1C5C2EA512B62C9C009AED11 /* Africa-Angola.png in Resources */,
				1C5C2EAA12B62DA9009AED11 /* Asia-Bhutan.png in Resources */,
				1C5C2EAB12B62DA9009AED11 /* North_America-Bermuda.png in Resources */,
				1C5C2EAC12B62DA9009AED11 /* Africa-Benin.png in Resources */,
				1C5C2EAD12B62DA9009AED11 /* Central_America-Belize.png in Resources */,
				1C3D909B12B712D600A88EC8 /* Asia-Hong_Kong.png in Resources */,
				1C3D909C12B712D600A88EC8 /* Europe-Greece.png in Resources */,
				1C3D909D12B712D600A88EC8 /* Europe-Germany.png in Resources */,
				1C3D909E12B712D600A88EC8 /* Europe-France.png in Resources */,
				1C3D909F12B712D600A88EC8 /* Africa-Ethiopia.png in Resources */,
				1C3D90A012B712D600A88EC8 /* Europe-Estonia.png in Resources */,
				1C3D90A412B7132400A88EC8 /* Central_America-Haiti.png in Resources */,
				1C3D90A512B7132400A88EC8 /* Europe-Denmark.png in Resources */,
				1C3D90A612B7132400A88EC8 /* Africa-Comoros.png in Resources */,
				1C3D90AA12B713EE00A88EC8 /* Central_America-Cuba.png in Resources */,
				1C3D90E812B717D500A88EC8 /* Africa-Zimbabwe.png in Resources */,
				1C3D90E912B717D500A88EC8 /* Africa-Zambia.png in Resources */,
				1C3D90EA12B717D500A88EC8 /* Asia-Yemen.png in Resources */,
				1C3D90EB12B717D500A88EC8 /* Oceania-Wallis_and_Futuna.png in Resources */,
				1C3D90EC12B717D500A88EC8 /* South_America-Venezuela.png in Resources */,
				1C3D90ED12B717D500A88EC8 /* Oceania-Vanuatu.png in Resources */,
				1C3D90EE12B717D500A88EC8 /* Asia-Uzbekistan.png in Resources */,
				1C3D90EF12B717D500A88EC8 /* North_America-United_States_of_America.png in Resources */,
				1C3D90F012B717D500A88EC8 /* Central_America-US_Virgin_Islands.png in Resources */,
				1C3D90F112B717D500A88EC8 /* South_America-Uruguay.png in Resources */,
				1C3D90F212B717D500A88EC8 /* Europe-Ukraine.png in Resources */,
				1C3D90F312B717D500A88EC8 /* Europe-United_Kingdom.png in Resources */,
				1C3D90F412B717D500A88EC8 /* Africa-Uganda.png in Resources */,
				1C3D90F512B717D500A88EC8 /* Asia-UAE.png in Resources */,
				1C3D90F612B717D500A88EC8 /* Oceania-Tuvalu.png in Resources */,
				1C3D90F712B717D500A88EC8 /* Central_America-Turks_and_Caicos_Islands.png in Resources */,
				1C3D90F812B717D500A88EC8 /* Asia-Turkey.png in Resources */,
				1C3D90F912B717D500A88EC8 /* Africa-Tunisia.png in Resources */,
				1C3D90FA12B717D500A88EC8 /* Central_America-Dominica.png in Resources */,
			);
			runOnlyForDeploymentPostprocessing = 0;
		};
/* End PBXResourcesBuildPhase section */

/* Begin PBXSourcesBuildPhase section */
		1D60588E0D05DD3D006BFB54 /* Sources */ = {
			isa = PBXSourcesBuildPhase;
			buildActionMask = 2147483647;
			files = (
				1D60589B0D05DD56006BFB54 /* main.m in Sources */,
				1D3623260D0F684500981E51 /* FlagQuizGameAppDelegate.m in Sources */,
				289233AE0DB2D0DB0083E9F9 /* MainViewController.m in Sources */,
				289233B00DB2D0DB0083E9F9 /* FlipsideViewController.m in Sources */,
			);
			runOnlyForDeploymentPostprocessing = 0;
		};
/* End PBXSourcesBuildPhase section */

/* Begin XCBuildConfiguration section */
		1D6058940D05DD3E006BFB54 /* Debug */ = {
			isa = XCBuildConfiguration;
			buildSettings = {
				ALWAYS_SEARCH_USER_PATHS = NO;
				COPY_PHASE_STRIP = NO;
				GCC_DYNAMIC_NO_PIC = NO;
				GCC_OPTIMIZATION_LEVEL = 0;
				GCC_PRECOMPILE_PREFIX_HEADER = YES;
				GCC_PREFIX_HEADER = FlagQuizGame_Prefix.pch;
				INFOPLIST_FILE = "FlagQuizGame-Info.plist";
				PRODUCT_NAME = FlagQuizGame;
			};
			name = Debug;
		};
		1D6058950D05DD3E006BFB54 /* Release */ = {
			isa = XCBuildConfiguration;
			buildSettings = {
				ALWAYS_SEARCH_USER_PATHS = NO;
				COPY_PHASE_STRIP = YES;
				GCC_PRECOMPILE_PREFIX_HEADER = YES;
				GCC_PREFIX_HEADER = FlagQuizGame_Prefix.pch;
				INFOPLIST_FILE = "FlagQuizGame-Info.plist";
				PRODUCT_NAME = FlagQuizGame;
				VALIDATE_PRODUCT = YES;
			};
			name = Release;
		};
		C01FCF4F08A954540054247B /* Debug */ = {
			isa = XCBuildConfiguration;
			buildSettings = {
				ARCHS = "$(ARCHS_STANDARD_32_BIT)";
				"CODE_SIGN_IDENTITY[sdk=iphoneos*]" = "iPhone Developer";
				GCC_C_LANGUAGE_STANDARD = c99;
				GCC_WARN_ABOUT_RETURN_TYPE = YES;
				GCC_WARN_UNUSED_VARIABLE = YES;
				PREBINDING = NO;
				SDKROOT = iphoneos;
			};
			name = Debug;
		};
		C01FCF5008A954540054247B /* Release */ = {
			isa = XCBuildConfiguration;
			buildSettings = {
				ARCHS = "$(ARCHS_STANDARD_32_BIT)";
				"CODE_SIGN_IDENTITY[sdk=iphoneos*]" = "iPhone Developer";
				GCC_C_LANGUAGE_STANDARD = c99;
				GCC_WARN_ABOUT_RETURN_TYPE = YES;
				GCC_WARN_UNUSED_VARIABLE = YES;
				OTHER_CFLAGS = "-DNS_BLOCK_ASSERTIONS=1";
				PREBINDING = NO;
				SDKROOT = iphoneos;
			};
			name = Release;
		};
/* End XCBuildConfiguration section */

/* Begin XCConfigurationList section */
		1D6058960D05DD3E006BFB54 /* Build configuration list for PBXNativeTarget "FlagQuizGame" */ = {
			isa = XCConfigurationList;
			buildConfigurations = (
				1D6058940D05DD3E006BFB54 /* Debug */,
				1D6058950D05DD3E006BFB54 /* Release */,
			);
			defaultConfigurationIsVisible = 0;
			defaultConfigurationName = Release;
		};
		C01FCF4E08A954540054247B /* Build configuration list for PBXProject "FlagQuizGame" */ = {
			isa = XCConfigurationList;
			buildConfigurations = (
				C01FCF4F08A954540054247B /* Debug */,
				C01FCF5008A954540054247B /* Release */,
			);
			defaultConfigurationIsVisible = 0;
			defaultConfigurationName = Release;
		};
/* End XCConfigurationList section */
	};
	rootObject = 29B97313FDCFA39411CA2CEA /* Project object */;
}
